
Microsoft Visual Studio Solution File, Format Version 12.00
# Visual Studio 14
VisualStudioVersion = 14.0.25123.0
MinimumVisualStudioVersion = 10.0.40219.1
Project("{FAE04EC0-301F-11D3-BF4B-00C04F79EFBC}") = "HelpOn.Web", "HelpOn\HelpOn.Web.csproj", "{C0073B80-523C-4413-AB4C-6C55B513C8D8}"
EndProject
Project("{FAE04EC0-301F-11D3-BF4B-00C04F79EFBC}") = "HelpOn.Dominio", "HelpOn.Dominio\HelpOn.Dominio.csproj", "{40AA95C4-6D4F-4A2A-9429-5AE21E4F1C40}"
EndProject
Project("{FAE04EC0-301F-11D3-BF4B-00C04F79EFBC}") = "HelpOn.Persistencia", "HelpOn.Persistencia\HelpOn.Persistencia.csproj", "{252AD652-CC40-44F2-ADA6-7E268B56B9EA}"
EndProject
Project("{00D1A9C2-B5F0-4AF3-8072-F6C62B433612}") = "HelpOn.Database", "HelpOn.Database\HelpOn.Database.sqlproj", "{D4467AFC-8A33-4170-8C34-0C1D0C8D5817}"
EndProject
Global
	GlobalSection(SolutionConfigurationPlatforms) = preSolution
		Debug|Any CPU = Debug|Any CPU
		Release|Any CPU = Release|Any CPU
	EndGlobalSection
	GlobalSection(ProjectConfigurationPlatforms) = postSolution
		{C0073B80-523C-4413-AB4C-6C55B513C8D8}.Debug|Any CPU.ActiveCfg = Debug|Any CPU
		{C0073B80-523C-4413-AB4C-6C55B513C8D8}.Debug|Any CPU.Build.0 = Debug|Any CPU
		{C0073B80-523C-4413-AB4C-6C55B513C8D8}.Release|Any CPU.ActiveCfg = Release|Any CPU
		{C0073B80-523C-4413-AB4C-6C55B513C8D8}.Release|Any CPU.Build.0 = Release|Any CPU
		{40AA95C4-6D4F-4A2A-9429-5AE21E4F1C40}.Debug|Any CPU.ActiveCfg = Debug|Any CPU
		{40AA95C4-6D4F-4A2A-9429-5AE21E4F1C40}.Debug|Any CPU.Build.0 = Debug|Any CPU
		{40AA95C4-6D4F-4A2A-9429-5AE21E4F1C40}.Release|Any CPU.ActiveCfg = Release|Any CPU
		{40AA95C4-6D4F-4A2A-9429-5AE21E4F1C40}.Release|Any CPU.Build.0 = Release|Any CPU
		{252AD652-CC40-44F2-ADA6-7E268B56B9EA}.Debug|Any CPU.ActiveCfg = Debug|Any CPU
		{252AD652-CC40-44F2-ADA6-7E268B56B9EA}.Debug|Any CPU.Build.0 = Debug|Any CPU
		{252AD652-CC40-44F2-ADA6-7E268B56B9EA}.Release|Any CPU.ActiveCfg = Release|Any CPU
		{252AD652-CC40-44F2-ADA6-7E268B56B9EA}.Release|Any CPU.Build.0 = Release|Any CPU
		{D4467AFC-8A33-4170-8C34-0C1D0C8D5817}.Debug|Any CPU.ActiveCfg = Debug|Any CPU
		{D4467AFC-8A33-4170-8C34-0C1D0C8D5817}.Debug|Any CPU.Build.0 = Debug|Any CPU
		{D4467AFC-8A33-4170-8C34-0C1D0C8D5817}.Debug|Any CPU.Deploy.0 = Debug|Any CPU
		{D4467AFC-8A33-4170-8C34-0C1D0C8D5817}.Release|Any CPU.ActiveCfg = Release|Any CPU
		{D4467AFC-8A33-4170-8C34-0C1D0C8D5817}.Release|Any CPU.Build.0 = Release|Any CPU
		{D4467AFC-8A33-4170-8C34-0C1D0C8D5817}.Release|Any CPU.Deploy.0 = Release|Any CPU
	EndGlobalSection
	GlobalSection(SolutionProperties) = preSolution
		HideSolutionNode = FALSE
	EndGlobalSection
EndGlobal
